
Microsoft Visual Studio Solution File, Format Version 12.00
# Visual Studio Version 17
VisualStudioVersion = 17.0.31903.59
MinimumVisualStudioVersion = 10.0.40219.1
Project("{2150E333-8FDC-42A3-9474-1A3956D46DE8}") = "CustomerService", "CustomerService", "{EE10F6A6-2EF3-44D3-9CF8-6107A84ACD49}"
EndProject
Project("{FAE04EC0-301F-11D3-BF4B-00C04F79EFBC}") = "CustomerService.Web", "CustomerService\src\CustomerService.Web\CustomerService.Web.csproj", "{0B94A6E8-DEB7-4197-B0F4-6DB59C4C3E9A}"
EndProject
Project("{FAE04EC0-301F-11D3-BF4B-00C04F79EFBC}") = "CustomerService.Core", "CustomerService\src\CustomerService.Core\CustomerService.Core.csproj", "{4B58B4F0-D7BB-46CD-9743-9ABA306A1500}"
EndProject
Project("{FAE04EC0-301F-11D3-BF4B-00C04F79EFBC}") = "CustomerService.Infrastructure", "CustomerService\src\CustomerService.Infrastructure\CustomerService.Infrastructure.csproj", "{98D5CC7E-664C-4ABE-8F9A-E638C33C91AF}"
EndProject
Project("{FAE04EC0-301F-11D3-BF4B-00C04F79EFBC}") = "CustomerService.UnitTests", "CustomerService\tests\CustomerService.UnitTests\CustomerService.UnitTests.csproj", "{9B85D84D-9DC8-495D-AF3D-270614548C24}"
EndProject
Project("{FAE04EC0-301F-11D3-BF4B-00C04F79EFBC}") = "CustomerService.FunctionalTests", "CustomerService\tests\CustomerService.FunctionalTests\CustomerService.FunctionalTests.csproj", "{EED8906A-0D87-425F-86D4-34BC9970D993}"
EndProject
Project("{FAE04EC0-301F-11D3-BF4B-00C04F79EFBC}") = "CustomerService.Auth", "CustomerService\src\CustomerService.Auth\CustomerService.Auth.csproj", "{E0F64F93-BF53-4926-86E4-C489C777BF18}"
EndProject
Project("{2150E333-8FDC-42A3-9474-1A3956D46DE8}") = "src", "src", "{9BA11ABB-47C2-4A91-910B-48999A7D3016}"
EndProject
Project("{2150E333-8FDC-42A3-9474-1A3956D46DE8}") = "tests", "tests", "{A1E2596C-4309-4EB7-972A-0B0DD9136C39}"
EndProject
Project("{2150E333-8FDC-42A3-9474-1A3956D46DE8}") = "DIscountService", "DIscountService", "{5172B7BA-2B2C-444D-AF2B-8F2796F71B05}"
EndProject
Project("{FAE04EC0-301F-11D3-BF4B-00C04F79EFBC}") = "DiscountService.Web", "DiscountService\src\DiscountService.Web\DiscountService.Web.csproj", "{938048F6-8851-4BF7-BE58-89B91135158B}"
EndProject
Project("{FAE04EC0-301F-11D3-BF4B-00C04F79EFBC}") = "DiscountService.Core", "DiscountService\src\DiscountService.Core\DiscountService.Core.csproj", "{C6E733C5-F586-4F9D-89F2-DFD999F0F0FA}"
EndProject
Project("{FAE04EC0-301F-11D3-BF4B-00C04F79EFBC}") = "DiscountService.Infrastructure", "DiscountService\src\DiscountService.Infrastructure\DiscountService.Infrastructure.csproj", "{DB23F9F7-0AED-41BD-94E0-5B769E9C5C38}"
EndProject
Project("{FAE04EC0-301F-11D3-BF4B-00C04F79EFBC}") = "DiscountService.UnitTests", "DiscountService\tests\DiscountService.UnitTests\DiscountService.UnitTests.csproj", "{90ACF8B7-8533-4FD2-B3AC-DAAED9DE040B}"
EndProject
Project("{FAE04EC0-301F-11D3-BF4B-00C04F79EFBC}") = "DiscountService.FunctionalTests", "DiscountService\tests\DiscountService.FunctionalTests\DiscountService.FunctionalTests.csproj", "{29091C67-50C6-4327-836D-A3169D434DFC}"
EndProject
Project("{2150E333-8FDC-42A3-9474-1A3956D46DE8}") = "src", "src", "{11F7737B-87CA-4AA1-9111-CD6EDD3EF072}"
EndProject
Project("{2150E333-8FDC-42A3-9474-1A3956D46DE8}") = "tests", "tests", "{E6722DA9-1A8C-4081-A634-17D3DA8F5024}"
EndProject
Global
	GlobalSection(SolutionConfigurationPlatforms) = preSolution
		Debug|Any CPU = Debug|Any CPU
		Release|Any CPU = Release|Any CPU
	EndGlobalSection
	GlobalSection(SolutionProperties) = preSolution
		HideSolutionNode = FALSE
	EndGlobalSection
	GlobalSection(NestedProjects) = preSolution
		{9BA11ABB-47C2-4A91-910B-48999A7D3016} = {EE10F6A6-2EF3-44D3-9CF8-6107A84ACD49}
		{A1E2596C-4309-4EB7-972A-0B0DD9136C39} = {EE10F6A6-2EF3-44D3-9CF8-6107A84ACD49}
		{E0F64F93-BF53-4926-86E4-C489C777BF18} = {9BA11ABB-47C2-4A91-910B-48999A7D3016}
		{4B58B4F0-D7BB-46CD-9743-9ABA306A1500} = {9BA11ABB-47C2-4A91-910B-48999A7D3016}
		{98D5CC7E-664C-4ABE-8F9A-E638C33C91AF} = {9BA11ABB-47C2-4A91-910B-48999A7D3016}
		{0B94A6E8-DEB7-4197-B0F4-6DB59C4C3E9A} = {9BA11ABB-47C2-4A91-910B-48999A7D3016}
		{EED8906A-0D87-425F-86D4-34BC9970D993} = {A1E2596C-4309-4EB7-972A-0B0DD9136C39}
		{9B85D84D-9DC8-495D-AF3D-270614548C24} = {A1E2596C-4309-4EB7-972A-0B0DD9136C39}
		{11F7737B-87CA-4AA1-9111-CD6EDD3EF072} = {5172B7BA-2B2C-444D-AF2B-8F2796F71B05}
		{E6722DA9-1A8C-4081-A634-17D3DA8F5024} = {5172B7BA-2B2C-444D-AF2B-8F2796F71B05}
		{C6E733C5-F586-4F9D-89F2-DFD999F0F0FA} = {11F7737B-87CA-4AA1-9111-CD6EDD3EF072}
		{DB23F9F7-0AED-41BD-94E0-5B769E9C5C38} = {11F7737B-87CA-4AA1-9111-CD6EDD3EF072}
		{938048F6-8851-4BF7-BE58-89B91135158B} = {11F7737B-87CA-4AA1-9111-CD6EDD3EF072}
		{90ACF8B7-8533-4FD2-B3AC-DAAED9DE040B} = {E6722DA9-1A8C-4081-A634-17D3DA8F5024}
		{29091C67-50C6-4327-836D-A3169D434DFC} = {E6722DA9-1A8C-4081-A634-17D3DA8F5024}
	EndGlobalSection
	GlobalSection(ProjectConfigurationPlatforms) = postSolution
		{0B94A6E8-DEB7-4197-B0F4-6DB59C4C3E9A}.Debug|Any CPU.ActiveCfg = Debug|Any CPU
		{0B94A6E8-DEB7-4197-B0F4-6DB59C4C3E9A}.Debug|Any CPU.Build.0 = Debug|Any CPU
		{0B94A6E8-DEB7-4197-B0F4-6DB59C4C3E9A}.Release|Any CPU.ActiveCfg = Release|Any CPU
		{0B94A6E8-DEB7-4197-B0F4-6DB59C4C3E9A}.Release|Any CPU.Build.0 = Release|Any CPU
		{4B58B4F0-D7BB-46CD-9743-9ABA306A1500}.Debug|Any CPU.ActiveCfg = Debug|Any CPU
		{4B58B4F0-D7BB-46CD-9743-9ABA306A1500}.Debug|Any CPU.Build.0 = Debug|Any CPU
		{4B58B4F0-D7BB-46CD-9743-9ABA306A1500}.Release|Any CPU.ActiveCfg = Release|Any CPU
		{4B58B4F0-D7BB-46CD-9743-9ABA306A1500}.Release|Any CPU.Build.0 = Release|Any CPU
		{98D5CC7E-664C-4ABE-8F9A-E638C33C91AF}.Debug|Any CPU.ActiveCfg = Debug|Any CPU
		{98D5CC7E-664C-4ABE-8F9A-E638C33C91AF}.Debug|Any CPU.Build.0 = Debug|Any CPU
		{98D5CC7E-664C-4ABE-8F9A-E638C33C91AF}.Release|Any CPU.ActiveCfg = Release|Any CPU
		{98D5CC7E-664C-4ABE-8F9A-E638C33C91AF}.Release|Any CPU.Build.0 = Release|Any CPU
		{9B85D84D-9DC8-495D-AF3D-270614548C24}.Debug|Any CPU.ActiveCfg = Debug|Any CPU
		{9B85D84D-9DC8-495D-AF3D-270614548C24}.Debug|Any CPU.Build.0 = Debug|Any CPU
		{9B85D84D-9DC8-495D-AF3D-270614548C24}.Release|Any CPU.ActiveCfg = Release|Any CPU
		{9B85D84D-9DC8-495D-AF3D-270614548C24}.Release|Any CPU.Build.0 = Release|Any CPU
		{EED8906A-0D87-425F-86D4-34BC9970D993}.Debug|Any CPU.ActiveCfg = Debug|Any CPU
		{EED8906A-0D87-425F-86D4-34BC9970D993}.Debug|Any CPU.Build.0 = Debug|Any CPU
		{EED8906A-0D87-425F-86D4-34BC9970D993}.Release|Any CPU.ActiveCfg = Release|Any CPU
		{EED8906A-0D87-425F-86D4-34BC9970D993}.Release|Any CPU.Build.0 = Release|Any CPU
		{E0F64F93-BF53-4926-86E4-C489C777BF18}.Debug|Any CPU.ActiveCfg = Debug|Any CPU
		{E0F64F93-BF53-4926-86E4-C489C777BF18}.Debug|Any CPU.Build.0 = Debug|Any CPU
		{E0F64F93-BF53-4926-86E4-C489C777BF18}.Release|Any CPU.ActiveCfg = Release|Any CPU
		{E0F64F93-BF53-4926-86E4-C489C777BF18}.Release|Any CPU.Build.0 = Release|Any CPU
		{938048F6-8851-4BF7-BE58-89B91135158B}.Debug|Any CPU.ActiveCfg = Debug|Any CPU
		{938048F6-8851-4BF7-BE58-89B91135158B}.Debug|Any CPU.Build.0 = Debug|Any CPU
		{938048F6-8851-4BF7-BE58-89B91135158B}.Release|Any CPU.ActiveCfg = Release|Any CPU
		{938048F6-8851-4BF7-BE58-89B91135158B}.Release|Any CPU.Build.0 = Release|Any CPU
		{C6E733C5-F586-4F9D-89F2-DFD999F0F0FA}.Debug|Any CPU.ActiveCfg = Debug|Any CPU
		{C6E733C5-F586-4F9D-89F2-DFD999F0F0FA}.Debug|Any CPU.Build.0 = Debug|Any CPU
		{C6E733C5-F586-4F9D-89F2-DFD999F0F0FA}.Release|Any CPU.ActiveCfg = Release|Any CPU
		{C6E733C5-F586-4F9D-89F2-DFD999F0F0FA}.Release|Any CPU.Build.0 = Release|Any CPU
		{DB23F9F7-0AED-41BD-94E0-5B769E9C5C38}.Debug|Any CPU.ActiveCfg = Debug|Any CPU
		{DB23F9F7-0AED-41BD-94E0-5B769E9C5C38}.Debug|Any CPU.Build.0 = Debug|Any CPU
		{DB23F9F7-0AED-41BD-94E0-5B769E9C5C38}.Release|Any CPU.ActiveCfg = Release|Any CPU
		{DB23F9F7-0AED-41BD-94E0-5B769E9C5C38}.Release|Any CPU.Build.0 = Release|Any CPU
		{90ACF8B7-8533-4FD2-B3AC-DAAED9DE040B}.Debug|Any CPU.ActiveCfg = Debug|Any CPU
		{90ACF8B7-8533-4FD2-B3AC-DAAED9DE040B}.Debug|Any CPU.Build.0 = Debug|Any CPU
		{90ACF8B7-8533-4FD2-B3AC-DAAED9DE040B}.Release|Any CPU.ActiveCfg = Release|Any CPU
		{90ACF8B7-8533-4FD2-B3AC-DAAED9DE040B}.Release|Any CPU.Build.0 = Release|Any CPU
		{29091C67-50C6-4327-836D-A3169D434DFC}.Debug|Any CPU.ActiveCfg = Debug|Any CPU
		{29091C67-50C6-4327-836D-A3169D434DFC}.Debug|Any CPU.Build.0 = Debug|Any CPU
		{29091C67-50C6-4327-836D-A3169D434DFC}.Release|Any CPU.ActiveCfg = Release|Any CPU
		{29091C67-50C6-4327-836D-A3169D434DFC}.Release|Any CPU.Build.0 = Release|Any CPU
	EndGlobalSection
EndGlobal
